
Microsoft Visual Studio Solution File, Format Version 12.00
# Visual Studio Version 17
VisualStudioVersion = 17.1.32210.238
MinimumVisualStudioVersion = 10.0.40219.1
Project("{FAE04EC0-301F-11D3-BF4B-00C04F79EFBC}") = "Serilog.Sinks.WinForms", "Serilog.Sinks.WinForms.Net\Serilog.Sinks.WinForms.csproj", "{E6E8355A-DC58-45B7-BBD3-8132610F5EBF}"
EndProject
Project("{2150E333-8FDC-42A3-9474-1A3956D46DE8}") = "Sample", "Sample", "{6FCBC6FF-1028-4DFA-8E0E-F5FC33A915CC}"
EndProject
Project("{FAE04EC0-301F-11D3-BF4B-00C04F79EFBC}") = "TestApplication", "Sample\TestApplication\TestApplication.csproj", "{9128AF8C-2E4B-486E-AEF2-F48DE2F61B09}"
EndProject
Project("{FAE04EC0-301F-11D3-BF4B-00C04F79EFBC}") = "TestApplicationWithTransparentBackground", "Sample\TestApplicationWithTransparentBackground\TestApplicationWithTransparentBackground.csproj", "{65D7C21E-45EC-46D3-B489-9CC20EFFF13F}"
EndProject
Project("{FAE04EC0-301F-11D3-BF4B-00C04F79EFBC}") = "CustomSimpleTextLog", "Sample\CustomSimpleTextLog\CustomSimpleTextLog.csproj", "{151559CF-E59E-4CC1-8CDB-FF56882F9035}"
EndProject
Project("{9A19103F-16F7-4668-BE54-9A1E7A4F7556}") = "Serilog.Sinks.WinForms.Core", "Serilog.Sinks.WinForms.Core\Serilog.Sinks.WinForms.Core.csproj", "{B1CC4152-652E-42FE-87D3-E9BC5AC5BB7C}"
EndProject
Project("{9A19103F-16F7-4668-BE54-9A1E7A4F7556}") = "Serilog.Sinks.WinForms.Base", "Serilog.Sinks.WinForms.Base\Serilog.Sinks.WinForms.Base.csproj", "{CCB237EE-BC54-435F-A0F2-0C13CBCF6E06}"
EndProject
Project("{9A19103F-16F7-4668-BE54-9A1E7A4F7556}") = "TestApplicationNet6", "Sample\TestApplicationNet6\TestApplicationNet6.csproj", "{13CBCDA2-8B30-4F01-AAB1-6D749DD77B67}"
EndProject
Global
	GlobalSection(SolutionConfigurationPlatforms) = preSolution
		Debug|Any CPU = Debug|Any CPU
		Release|Any CPU = Release|Any CPU
	EndGlobalSection
	GlobalSection(ProjectConfigurationPlatforms) = postSolution
		{E6E8355A-DC58-45B7-BBD3-8132610F5EBF}.Debug|Any CPU.ActiveCfg = Release|Any CPU
		{E6E8355A-DC58-45B7-BBD3-8132610F5EBF}.Debug|Any CPU.Build.0 = Release|Any CPU
		{E6E8355A-DC58-45B7-BBD3-8132610F5EBF}.Release|Any CPU.ActiveCfg = Release|Any CPU
		{E6E8355A-DC58-45B7-BBD3-8132610F5EBF}.Release|Any CPU.Build.0 = Release|Any CPU
		{9128AF8C-2E4B-486E-AEF2-F48DE2F61B09}.Debug|Any CPU.ActiveCfg = Debug|Any CPU
		{9128AF8C-2E4B-486E-AEF2-F48DE2F61B09}.Debug|Any CPU.Build.0 = Debug|Any CPU
		{9128AF8C-2E4B-486E-AEF2-F48DE2F61B09}.Release|Any CPU.ActiveCfg = Release|Any CPU
		{9128AF8C-2E4B-486E-AEF2-F48DE2F61B09}.Release|Any CPU.Build.0 = Release|Any CPU
		{65D7C21E-45EC-46D3-B489-9CC20EFFF13F}.Debug|Any CPU.ActiveCfg = Debug|Any CPU
		{65D7C21E-45EC-46D3-B489-9CC20EFFF13F}.Debug|Any CPU.Build.0 = Debug|Any CPU
		{65D7C21E-45EC-46D3-B489-9CC20EFFF13F}.Release|Any CPU.ActiveCfg = Release|Any CPU
		{65D7C21E-45EC-46D3-B489-9CC20EFFF13F}.Release|Any CPU.Build.0 = Release|Any CPU
		{151559CF-E59E-4CC1-8CDB-FF56882F9035}.Debug|Any CPU.ActiveCfg = Debug|Any CPU
		{151559CF-E59E-4CC1-8CDB-FF56882F9035}.Debug|Any CPU.Build.0 = Debug|Any CPU
		{151559CF-E59E-4CC1-8CDB-FF56882F9035}.Release|Any CPU.ActiveCfg = Release|Any CPU
		{151559CF-E59E-4CC1-8CDB-FF56882F9035}.Release|Any CPU.Build.0 = Release|Any CPU
		{B1CC4152-652E-42FE-87D3-E9BC5AC5BB7C}.Debug|Any CPU.ActiveCfg = Release|Any CPU
		{B1CC4152-652E-42FE-87D3-E9BC5AC5BB7C}.Debug|Any CPU.Build.0 = Release|Any CPU
		{B1CC4152-652E-42FE-87D3-E9BC5AC5BB7C}.Release|Any CPU.ActiveCfg = Release|Any CPU
		{B1CC4152-652E-42FE-87D3-E9BC5AC5BB7C}.Release|Any CPU.Build.0 = Release|Any CPU
		{CCB237EE-BC54-435F-A0F2-0C13CBCF6E06}.Debug|Any CPU.ActiveCfg = Release|Any CPU
		{CCB237EE-BC54-435F-A0F2-0C13CBCF6E06}.Debug|Any CPU.Build.0 = Release|Any CPU
		{CCB237EE-BC54-435F-A0F2-0C13CBCF6E06}.Release|Any CPU.ActiveCfg = Release|Any CPU
		{CCB237EE-BC54-435F-A0F2-0C13CBCF6E06}.Release|Any CPU.Build.0 = Release|Any CPU
		{13CBCDA2-8B30-4F01-AAB1-6D749DD77B67}.Debug|Any CPU.ActiveCfg = Debug|Any CPU
		{13CBCDA2-8B30-4F01-AAB1-6D749DD77B67}.Debug|Any CPU.Build.0 = Debug|Any CPU
		{13CBCDA2-8B30-4F01-AAB1-6D749DD77B67}.Release|Any CPU.ActiveCfg = Release|Any CPU
		{13CBCDA2-8B30-4F01-AAB1-6D749DD77B67}.Release|Any CPU.Build.0 = Release|Any CPU
	EndGlobalSection
	GlobalSection(SolutionProperties) = preSolution
		HideSolutionNode = FALSE
	EndGlobalSection
	GlobalSection(NestedProjects) = preSolution
		{9128AF8C-2E4B-486E-AEF2-F48DE2F61B09} = {6FCBC6FF-1028-4DFA-8E0E-F5FC33A915CC}
		{65D7C21E-45EC-46D3-B489-9CC20EFFF13F} = {6FCBC6FF-1028-4DFA-8E0E-F5FC33A915CC}
		{151559CF-E59E-4CC1-8CDB-FF56882F9035} = {6FCBC6FF-1028-4DFA-8E0E-F5FC33A915CC}
		{13CBCDA2-8B30-4F01-AAB1-6D749DD77B67} = {6FCBC6FF-1028-4DFA-8E0E-F5FC33A915CC}
	EndGlobalSection
	GlobalSection(ExtensibilityGlobals) = postSolution
		SolutionGuid = {0A92E9B0-A616-4F29-AA90-DD1EC0F0BF60}
	EndGlobalSection
EndGlobal
